
Microsoft Visual Studio Solution File, Format Version 12.00
# Visual Studio Version 17
VisualStudioVersion = 17.9.34728.123
MinimumVisualStudioVersion = 10.0.40219.1
Project("{FAE04EC0-301F-11D3-BF4B-00C04F79EFBC}") = "AssetTracking2", "AssetTracking2\AssetTracking2.csproj", "{F493FA70-D8ED-4096-B9CC-75565EDCC203}"
EndProject
Global
	GlobalSection(SolutionConfigurationPlatforms) = preSolution
		Debug|Any CPU = Debug|Any CPU
		Release|Any CPU = Release|Any CPU
	EndGlobalSection
	GlobalSection(ProjectConfigurationPlatforms) = postSolution
		{F493FA70-D8ED-4096-B9CC-75565EDCC203}.Debug|Any CPU.ActiveCfg = Debug|Any CPU
		{F493FA70-D8ED-4096-B9CC-75565EDCC203}.Debug|Any CPU.Build.0 = Debug|Any CPU
		{F493FA70-D8ED-4096-B9CC-75565EDCC203}.Release|Any CPU.ActiveCfg = Release|Any CPU
		{F493FA70-D8ED-4096-B9CC-75565EDCC203}.Release|Any CPU.Build.0 = Release|Any CPU
	EndGlobalSection
	GlobalSection(SolutionProperties) = preSolution
		HideSolutionNode = FALSE
	EndGlobalSection
	GlobalSection(ExtensibilityGlobals) = postSolution
		SolutionGuid = {6EAFAA88-06EC-4425-A18C-2C586E783023}
	EndGlobalSection
EndGlobal
